
Microsoft Visual Studio Solution File, Format Version 12.00
# Visual Studio Version 17
VisualStudioVersion = 17.0.32428.209
MinimumVisualStudioVersion = 10.0.40219.1
Project("{9A19103F-16F7-4668-BE54-9A1E7A4F7556}") = "TAL.Api", "TAL.Api\TAL.Api.csproj", "{EAE75B86-05D3-46E7-AFC4-4E4E37A118CC}"
EndProject
Project("{FAE04EC0-301F-11D3-BF4B-00C04F79EFBC}") = "TAL.Api.Tests", "TAL.Api.Tests\TAL.Api.Tests.csproj", "{B316FB6E-631A-4140-B13E-348DD25929A1}"
EndProject
Global
	GlobalSection(SolutionConfigurationPlatforms) = preSolution
		Debug|Any CPU = Debug|Any CPU
		Release|Any CPU = Release|Any CPU
	EndGlobalSection
	GlobalSection(ProjectConfigurationPlatforms) = postSolution
		{EAE75B86-05D3-46E7-AFC4-4E4E37A118CC}.Debug|Any CPU.ActiveCfg = Debug|Any CPU
		{EAE75B86-05D3-46E7-AFC4-4E4E37A118CC}.Debug|Any CPU.Build.0 = Debug|Any CPU
		{EAE75B86-05D3-46E7-AFC4-4E4E37A118CC}.Release|Any CPU.ActiveCfg = Release|Any CPU
		{EAE75B86-05D3-46E7-AFC4-4E4E37A118CC}.Release|Any CPU.Build.0 = Release|Any CPU
		{B316FB6E-631A-4140-B13E-348DD25929A1}.Debug|Any CPU.ActiveCfg = Debug|Any CPU
		{B316FB6E-631A-4140-B13E-348DD25929A1}.Debug|Any CPU.Build.0 = Debug|Any CPU
		{B316FB6E-631A-4140-B13E-348DD25929A1}.Release|Any CPU.ActiveCfg = Release|Any CPU
		{B316FB6E-631A-4140-B13E-348DD25929A1}.Release|Any CPU.Build.0 = Release|Any CPU
	EndGlobalSection
	GlobalSection(SolutionProperties) = preSolution
		HideSolutionNode = FALSE
	EndGlobalSection
	GlobalSection(ExtensibilityGlobals) = postSolution
		SolutionGuid = {0BDF0FE2-D85C-4332-94E1-B18D25EEB14E}
	EndGlobalSection
EndGlobal
